
Microsoft Visual Studio Solution File, Format Version 12.00
Project("{2150E333-8FDC-42A3-9474-1A3956D46DE8}") = "src", "src", "{BFC8FF7F-D02E-4D9F-9989-E919523CAC49}"
EndProject
Project("{2150E333-8FDC-42A3-9474-1A3956D46DE8}") = "test", "test", "{3F8C43DF-1926-4D54-BA28-716ADF71DD24}"
EndProject
Project("{FAE04EC0-301F-11D3-BF4B-00C04F79EFBC}") = "Dela.Toolkit.Application", "src\Dela.Toolkit.Application\Dela.Toolkit.Application.csproj", "{D41046C7-AF08-4068-A3CD-4243DE118FA4}"
EndProject
Project("{FAE04EC0-301F-11D3-BF4B-00C04F79EFBC}") = "Dela.Toolkit.Autofac", "src\Dela.Toolkit.Autofac\Dela.Toolkit.Autofac.csproj", "{AC84C1B6-B078-4688-BB2E-A80720ADC888}"
EndProject
Project("{FAE04EC0-301F-11D3-BF4B-00C04F79EFBC}") = "Dela.Toolkit.Domain", "src\Dela.Toolkit.Domain\Dela.Toolkit.Domain.csproj", "{3952D388-1817-456D-A214-02D1B08BBE3A}"
EndProject
Global
	GlobalSection(SolutionConfigurationPlatforms) = preSolution
		Debug|Any CPU = Debug|Any CPU
		Release|Any CPU = Release|Any CPU
	EndGlobalSection
	GlobalSection(NestedProjects) = preSolution
		{D41046C7-AF08-4068-A3CD-4243DE118FA4} = {BFC8FF7F-D02E-4D9F-9989-E919523CAC49}
		{AC84C1B6-B078-4688-BB2E-A80720ADC888} = {BFC8FF7F-D02E-4D9F-9989-E919523CAC49}
		{3952D388-1817-456D-A214-02D1B08BBE3A} = {BFC8FF7F-D02E-4D9F-9989-E919523CAC49}
	EndGlobalSection
	GlobalSection(ProjectConfigurationPlatforms) = postSolution
		{D41046C7-AF08-4068-A3CD-4243DE118FA4}.Debug|Any CPU.ActiveCfg = Debug|Any CPU
		{D41046C7-AF08-4068-A3CD-4243DE118FA4}.Debug|Any CPU.Build.0 = Debug|Any CPU
		{D41046C7-AF08-4068-A3CD-4243DE118FA4}.Release|Any CPU.ActiveCfg = Release|Any CPU
		{D41046C7-AF08-4068-A3CD-4243DE118FA4}.Release|Any CPU.Build.0 = Release|Any CPU
		{AC84C1B6-B078-4688-BB2E-A80720ADC888}.Debug|Any CPU.ActiveCfg = Debug|Any CPU
		{AC84C1B6-B078-4688-BB2E-A80720ADC888}.Debug|Any CPU.Build.0 = Debug|Any CPU
		{AC84C1B6-B078-4688-BB2E-A80720ADC888}.Release|Any CPU.ActiveCfg = Release|Any CPU
		{AC84C1B6-B078-4688-BB2E-A80720ADC888}.Release|Any CPU.Build.0 = Release|Any CPU
		{3952D388-1817-456D-A214-02D1B08BBE3A}.Debug|Any CPU.ActiveCfg = Debug|Any CPU
		{3952D388-1817-456D-A214-02D1B08BBE3A}.Debug|Any CPU.Build.0 = Debug|Any CPU
		{3952D388-1817-456D-A214-02D1B08BBE3A}.Release|Any CPU.ActiveCfg = Release|Any CPU
		{3952D388-1817-456D-A214-02D1B08BBE3A}.Release|Any CPU.Build.0 = Release|Any CPU
	EndGlobalSection
EndGlobal
